{
  "name": "elite-dent-website",
  "lockfileVersion": 3,
  "requires": true,
  "packages": {
    "": {
      "name": "elite-dent-website",
      "hasInstallScript": true,
      "dependencies": {
        "sherpa-onnx-node": "1.13.8",
        "tar": "^7.4.3",
        "unbzip2-stream": "^1.4.3"
      },
      "engines": {
        "node": ">=20"
      }
    },
    "node_modules/@isaacs/fs-minipass": {
      "version": "4.0.1",
      "resolved": "https://registry.npmjs.org/@isaacs/fs-minipass/-/fs-minipass-4.0.1.tgz",
      "integrity": "sha512-wgm9Ehl2jpeqP3zw/7mo3kRHFp5MEDhqAdwy1fTGkHAwnkGOVsgpvQhL8B5n1qlb01jV3n/bI0ZfZp5lWA1k4w==",
      "license": "ISC",
      "dependencies": {
        "minipass": "^7.0.4"
      },
      "engines": {
        "node": ">=18.0.0"
      }
    },
    "node_modules/base64-js": {
      "version": "1.5.1",
      "resolved": "https://registry.npmjs.org/base64-js/-/base64-js-1.5.1.tgz",
      "integrity": "sha512-AKpaYlHn8t4SVbOHCy+b5+KKgvR4vrsD8vbvrbiQJps7fKDTkjkDry6ji0rUJjC0kzbNePLwzxq8iypo41qeWA==",
      "funding": [
        {
          "type": "github",
          "url": "https://github.com/sponsors/feross"
        },
        {
          "type": "patreon",
          "url": "https://www.patreon.com/feross"
        },
        {
          "type": "consulting",
          "url": "https://feross.org/support"
        }
      ],
      "license": "MIT"
    },
    "node_modules/buffer": {
      "version": "5.7.1",
      "resolved": "https://registry.npmjs.org/buffer/-/buffer-5.7.1.tgz",
      "integrity": "sha512-EHcyIPBQ4BSGlvjB16k5KgAJ27CIsHY/2JBmCRReo48y9rQ3MaUzWX3KVlBa4U7MyX02HdVj0K7C3WaB3ju7FQ==",
      "funding": [
        {
          "type": "github",
          "url": "https://github.com/sponsors/feross"
        },
        {
          "type": "patreon",
          "url": "https://www.patreon.com/feross"
        },
        {
          "type": "consulting",
          "url": "https://feross.org/support"
        }
      ],
      "license": "MIT",
      "dependencies": {
        "base64-js": "^1.3.1",
        "ieee754": "^1.1.13"
      }
    },
    "node_modules/chownr": {
      "version": "3.0.0",
      "resolved": "https://registry.npmjs.org/chownr/-/chownr-3.0.0.tgz",
      "integrity": "sha512-+IxzY9BZOQd/XuYPRmrvEVjF/nqj5kgT4kEq7VofrDoM1MxoRjEWkrCC3EtLi59TVawxTAn+orJwFQcrqEN1+g==",
      "license": "BlueOak-1.0.0",
      "engines": {
        "node": ">=18"
      }
    },
    "node_modules/ieee754": {
      "version": "1.2.1",
      "resolved": "https://registry.npmjs.org/ieee754/-/ieee754-1.2.1.tgz",
      "integrity": "sha512-dcyqhDvX1C46lXZcVqCpK+FtMRQVdIMN6/Df5js2zouUsqG7I6sFxitIC+7KYK29KdXOLHdu9zL4sFnoVQnqaA==",
      "funding": [
        {
          "type": "github",
          "url": "https://github.com/sponsors/feross"
        },
        {
          "type": "patreon",
          "url": "https://www.patreon.com/feross"
        },
        {
          "type": "consulting",
          "url": "https://feross.org/support"
        }
      ],
      "license": "BSD-3-Clause"
    },
    "node_modules/minipass": {
      "version": "7.1.3",
      "resolved": "https://registry.npmjs.org/minipass/-/minipass-7.1.3.tgz",
      "integrity": "sha512-tEBHqDnIoM/1rXME1zgka9g6Q2lcoCkxHLuc7ODJ5BxbP5d4c2Z5cGgtXAku59200Cx7diuHTOYfSBD8n6mm8A==",
      "license": "BlueOak-1.0.0",
      "engines": {
        "node": ">=16 || 14 >=14.17"
      }
    },
    "node_modules/minizlib": {
      "version": "3.1.0",
      "resolved": "https://registry.npmjs.org/minizlib/-/minizlib-3.1.0.tgz",
      "integrity": "sha512-KZxYo1BUkWD2TVFLr0MQoM8vUUigWD3LlD83a/75BqC+4qE0Hb1Vo5v1FgcfaNXvfXzr+5EhQ6ing/CaBijTlw==",
      "license": "MIT",
      "dependencies": {
        "minipass": "^7.1.2"
      },
      "engines": {
        "node": ">= 18"
      }
    },
    "node_modules/sherpa-onnx-darwin-arm64": {
      "version": "1.13.8",
      "resolved": "https://registry.npmjs.org/sherpa-onnx-darwin-arm64/-/sherpa-onnx-darwin-arm64-1.13.8.tgz",
      "integrity": "sha512-FPNgJMgnWVl/KhRTIhG3KL3A4Om63Rn4YKXc9/uHY7SzLcvqLJLc/h7UBWJwduXvv7K18t5NpxHR6XgXn4sjWw==",
      "cpu": [
        "arm64"
      ],
      "license": "Apache-2.0",
      "optional": true,
      "os": [
        "darwin"
      ]
    },
    "node_modules/sherpa-onnx-darwin-x64": {
      "version": "1.13.8",
      "resolved": "https://registry.npmjs.org/sherpa-onnx-darwin-x64/-/sherpa-onnx-darwin-x64-1.13.8.tgz",
      "integrity": "sha512-7BLRpjM6w4f9W46/nmkmq8lEKUayhebvcpslCVQ+6QN2uReYlZEMDZlSpXMjme+hUFrPfRz8P3UNq8ep/4d19g==",
      "cpu": [
        "x64"
      ],
      "license": "Apache-2.0",
      "optional": true,
      "os": [
        "darwin"
      ]
    },
    "node_modules/sherpa-onnx-linux-arm64": {
      "version": "1.13.8",
      "resolved": "https://registry.npmjs.org/sherpa-onnx-linux-arm64/-/sherpa-onnx-linux-arm64-1.13.8.tgz",
      "integrity": "sha512-Tlg7a70b/Wge3OF8IgTHF9jhSVCsLyKQKhwc4BsJ5A+dL/SrFtGBjzuHp4XeLhiiOT7afCxX5PdSn/D4c8Lnuw==",
      "cpu": [
        "arm64"
      ],
      "license": "Apache-2.0",
      "optional": true,
      "os": [
        "linux"
      ]
    },
    "node_modules/sherpa-onnx-linux-x64": {
      "version": "1.13.8",
      "resolved": "https://registry.npmjs.org/sherpa-onnx-linux-x64/-/sherpa-onnx-linux-x64-1.13.8.tgz",
      "integrity": "sha512-6plnhjagsSeTntCgnlag86hWbs/uZE9Crms1LgOb68/1nKsIQjMd+WG519m+aPwT6TrsBOiEMzrx41t8sL5L5g==",
      "cpu": [
        "x64"
      ],
      "license": "Apache-2.0",
      "optional": true,
      "os": [
        "linux"
      ]
    },
    "node_modules/sherpa-onnx-node": {
      "version": "1.13.8",
      "resolved": "https://registry.npmjs.org/sherpa-onnx-node/-/sherpa-onnx-node-1.13.8.tgz",
      "integrity": "sha512-MsDMBdhLFTZ1GwvcGSSQhnS7g/EA8OMH6IYysCVUOM7j8Icty9KRc0E6YT1A5fWBsZwRfKOeh88QC95aRvS8ag==",
      "license": "Apache-2.0",
      "optionalDependencies": {
        "sherpa-onnx-darwin-arm64": "^1.13.8",
        "sherpa-onnx-darwin-x64": "^1.13.8",
        "sherpa-onnx-linux-arm64": "^1.13.8",
        "sherpa-onnx-linux-x64": "^1.13.8",
        "sherpa-onnx-win-ia32": "^1.13.8",
        "sherpa-onnx-win-x64": "^1.13.8"
      }
    },
    "node_modules/sherpa-onnx-win-ia32": {
      "version": "1.13.8",
      "resolved": "https://registry.npmjs.org/sherpa-onnx-win-ia32/-/sherpa-onnx-win-ia32-1.13.8.tgz",
      "integrity": "sha512-H0Ojln9hfvM+pxWqW0cnjB/XK8/JPq4/k0IWu2JpY5Z458M3zv+XC3Hu+wmot3AoH/K1Bgt23n/tTKtPV9x8qg==",
      "cpu": [
        "ia32"
      ],
      "license": "Apache-2.0",
      "optional": true,
      "os": [
        "win32"
      ]
    },
    "node_modules/sherpa-onnx-win-x64": {
      "version": "1.13.8",
      "resolved": "https://registry.npmjs.org/sherpa-onnx-win-x64/-/sherpa-onnx-win-x64-1.13.8.tgz",
      "integrity": "sha512-oZF1c9VPOKtMwn83Bboc5XSWL+76BRoyB3eUuVnCknBKxwSULZU2Foia9VHWzU+n4I12rPsP6z6H9Rp1hD9o8g==",
      "cpu": [
        "x64"
      ],
      "license": "Apache-2.0",
      "optional": true,
      "os": [
        "win32"
      ]
    },
    "node_modules/tar": {
      "version": "7.5.22",
      "resolved": "https://registry.npmjs.org/tar/-/tar-7.5.22.tgz",
      "integrity": "sha512-MFO/QzvtAOmJbkhOaCTvbGcFN9L9b+JunIsDwaKljSOdcLMea3NJ1k9Usz/rjdfSXTq4dfzfeS7W4p4YOAAHeA==",
      "license": "BlueOak-1.0.0",
      "dependencies": {
        "@isaacs/fs-minipass": "^4.0.0",
        "chownr": "^3.0.0",
        "minipass": "^7.1.2",
        "minizlib": "^3.1.0",
        "yallist": "^5.0.0"
      },
      "engines": {
        "node": ">=18"
      }
    },
    "node_modules/through": {
      "version": "2.3.8",
      "resolved": "https://registry.npmjs.org/through/-/through-2.3.8.tgz",
      "integrity": "sha512-w89qg7PI8wAdvX60bMDP+bFoD5Dvhm9oLheFp5O4a2QF0cSBGsBX4qZmadPMvVqlLJBBci+WqGGOAPvcDeNSVg==",
      "license": "MIT"
    },
    "node_modules/unbzip2-stream": {
      "version": "1.4.3",
      "resolved": "https://registry.npmjs.org/unbzip2-stream/-/unbzip2-stream-1.4.3.tgz",
      "integrity": "sha512-mlExGW4w71ebDJviH16lQLtZS32VKqsSfk80GCfUlwT/4/hNRFsoscrF/c++9xinkMzECL1uL9DDwXqFWkruPg==",
      "license": "MIT",
      "dependencies": {
        "buffer": "^5.2.1",
        "through": "^2.3.8"
      }
    },
    "node_modules/yallist": {
      "version": "5.0.0",
      "resolved": "https://registry.npmjs.org/yallist/-/yallist-5.0.0.tgz",
      "integrity": "sha512-YgvUTfwqyc7UXVMrB+SImsVYSmTS8X/tSrtdNZMImM+n7+QTriRXyXim0mBrTXNeqzVF0KWGgHPeiyViFFrNDw==",
      "license": "BlueOak-1.0.0",
      "engines": {
        "node": ">=18"
      }
    }
  }
}
